// !$*UTF8*$!
{
	archiveVersion = 1;
	classes = {
	};
	objectVersion = 46;
	objects = {

/* Begin PBXBuildFile section */
		EFC6740C1DCD4839006DF09C /* main.c in Sources */ = {isa = PBXBuildFile; fileRef = EFC6740B1DCD4839006DF09C /* main.c */; };
		EFC6740F1DCD4875006DF09C /* slime.c in Sources */ = {isa = PBXBuildFile; fileRef = EFC6740D1DCD4875006DF09C /* slime.c */; };
		EFC674121DCD501F006DF09C /* slime_views.c in Sources */ = {isa = PBXBuildFile; fileRef = EFC674101DCD501F006DF09C /* slime_views.c */; };
		EFC674171DCD521F006DF09C /* SDL2_image.framework in Frameworks */ = {isa = PBXBuildFile; fileRef = EFC674141DCD521F006DF09C /* SDL2_image.framework */; };
		EFC674181DCD521F006DF09C /* SDL2_mixer.framework in Frameworks */ = {isa = PBXBuildFile; fileRef = EFC674151DCD521F006DF09C /* SDL2_mixer.framework */; };
		EFC674191DCD521F006DF09C /* SDL2.framework in Frameworks */ = {isa = PBXBuildFile; fileRef = EFC674161DCD521F006DF09C /* SDL2.framework */; };
		EFD6A43D1DCD640B0009F83D /* slime_gfx.c in Sources */ = {isa = PBXBuildFile; fileRef = EFD6A43B1DCD640B0009F83D /* slime_gfx.c */; };
		EFD6A4401DCD64E10009F83D /* slime_adt.c in Sources */ = {isa = PBXBuildFile; fileRef = EFD6A43E1DCD64E10009F83D /* slime_adt.c */; };
		EFD6A4431DCD68350009F83D /* slime_input.c in Sources */ = {isa = PBXBuildFile; fileRef = EFD6A4411DCD68350009F83D /* slime_input.c */; };
		EFD6A4461DCE5FA70009F83D /* slime_window.c in Sources */ = {isa = PBXBuildFile; fileRef = EFD6A4441DCE5FA70009F83D /* slime_window.c */; };
/* End PBXBuildFile section */

/* Begin PBXFileReference section */
		EF7CA78A1DC16A1C0053440E /* slime.app */ = {isa = PBXFileReference; explicitFileType = wrapper.application; includeInIndex = 0; path = slime.app; sourceTree = BUILT_PRODUCTS_DIR; };
		EF7CA7981DC16A1C0053440E /* Info.plist */ = {isa = PBXFileReference; lastKnownFileType = text.plist.xml; path = Info.plist; sourceTree = "<group>"; };
		EFC6740B1DCD4839006DF09C /* main.c */ = {isa = PBXFileReference; fileEncoding = 4; lastKnownFileType = sourcecode.c.c; path = main.c; sourceTree = "<group>"; };
		EFC6740D1DCD4875006DF09C /* slime.c */ = {isa = PBXFileReference; fileEncoding = 4; lastKnownFileType = sourcecode.c.c; path = slime.c; sourceTree = "<group>"; };
		EFC6740E1DCD4875006DF09C /* slime.h */ = {isa = PBXFileReference; fileEncoding = 4; lastKnownFileType = sourcecode.c.h; path = slime.h; sourceTree = "<group>"; };
		EFC674101DCD501F006DF09C /* slime_views.c */ = {isa = PBXFileReference; fileEncoding = 4; lastKnownFileType = sourcecode.c.c; path = slime_views.c; sourceTree = "<group>"; };
		EFC674111DCD501F006DF09C /* slime_views.h */ = {isa = PBXFileReference; fileEncoding = 4; lastKnownFileType = sourcecode.c.h; path = slime_views.h; sourceTree = "<group>"; };
		EFC674141DCD521F006DF09C /* SDL2_image.framework */ = {isa = PBXFileReference; lastKnownFileType = wrapper.framework; name = SDL2_image.framework; path = ../../../../../Library/Frameworks/SDL2_image.framework; sourceTree = "<group>"; };
		EFC674151DCD521F006DF09C /* SDL2_mixer.framework */ = {isa = PBXFileReference; lastKnownFileType = wrapper.framework; name = SDL2_mixer.framework; path = ../../../../../Library/Frameworks/SDL2_mixer.framework; sourceTree = "<group>"; };
		EFC674161DCD521F006DF09C /* SDL2.framework */ = {isa = PBXFileReference; lastKnownFileType = wrapper.framework; name = SDL2.framework; path = ../../../../../Library/Frameworks/SDL2.framework; sourceTree = "<group>"; };
		EFD6A43B1DCD640B0009F83D /* slime_gfx.c */ = {isa = PBXFileReference; fileEncoding = 4; lastKnownFileType = sourcecode.c.c; path = slime_gfx.c; sourceTree = "<group>"; };
		EFD6A43C1DCD640B0009F83D /* slime_gfx.h */ = {isa = PBXFileReference; fileEncoding = 4; lastKnownFileType = sourcecode.c.h; path = slime_gfx.h; sourceTree = "<group>"; };
		EFD6A43E1DCD64E10009F83D /* slime_adt.c */ = {isa = PBXFileReference; fileEncoding = 4; lastKnownFileType = sourcecode.c.c; path = slime_adt.c; sourceTree = "<group>"; };
		EFD6A43F1DCD64E10009F83D /* slime_adt.h */ = {isa = PBXFileReference; fileEncoding = 4; lastKnownFileType = sourcecode.c.h; path = slime_adt.h; sourceTree = "<group>"; };
		EFD6A4411DCD68350009F83D /* slime_input.c */ = {isa = PBXFileReference; fileEncoding = 4; lastKnownFileType = sourcecode.c.c; path = slime_input.c; sourceTree = "<group>"; };
		EFD6A4421DCD68350009F83D /* slime_input.h */ = {isa = PBXFileReference; fileEncoding = 4; lastKnownFileType = sourcecode.c.h; path = slime_input.h; sourceTree = "<group>"; };
		EFD6A4441DCE5FA70009F83D /* slime_window.c */ = {isa = PBXFileReference; fileEncoding = 4; lastKnownFileType = sourcecode.c.c; path = slime_window.c; sourceTree = "<group>"; };
		EFD6A4451DCE5FA70009F83D /* slime_window.h */ = {isa = PBXFileReference; fileEncoding = 4; lastKnownFileType = sourcecode.c.h; path = slime_window.h; sourceTree = "<group>"; };
/* End PBXFileReference section */

/* Begin PBXFrameworksBuildPhase section */
		EF7CA7871DC16A1C0053440E /* Frameworks */ = {
			isa = PBXFrameworksBuildPhase;
			buildActionMask = 2147483647;
			files = (
				EFC674191DCD521F006DF09C /* SDL2.framework in Frameworks */,
				EFC674171DCD521F006DF09C /* SDL2_image.framework in Frameworks */,
				EFC674181DCD521F006DF09C /* SDL2_mixer.framework in Frameworks */,
			);
			runOnlyForDeploymentPostprocessing = 0;
		};
/* End PBXFrameworksBuildPhase section */

/* Begin PBXGroup section */
		EF7CA7811DC16A1C0053440E = {
			isa = PBXGroup;
			children = (
				EFC674131DCD5208006DF09C /* Frameworks */,
				EF7CA78C1DC16A1C0053440E /* slime */,
				EF7CA78B1DC16A1C0053440E /* Products */,
			);
			sourceTree = "<group>";
		};
		EF7CA78B1DC16A1C0053440E /* Products */ = {
			isa = PBXGroup;
			children = (
				EF7CA78A1DC16A1C0053440E /* slime.app */,
			);
			name = Products;
			sourceTree = "<group>";
		};
		EF7CA78C1DC16A1C0053440E /* slime */ = {
			isa = PBXGroup;
			children = (
				EF7CA7981DC16A1C0053440E /* Info.plist */,
				EFC6740B1DCD4839006DF09C /* main.c */,
				EFC6740D1DCD4875006DF09C /* slime.c */,
				EFC6740E1DCD4875006DF09C /* slime.h */,
				EFD6A43E1DCD64E10009F83D /* slime_adt.c */,
				EFD6A43F1DCD64E10009F83D /* slime_adt.h */,
				EFD6A43B1DCD640B0009F83D /* slime_gfx.c */,
				EFD6A43C1DCD640B0009F83D /* slime_gfx.h */,
				EFD6A4411DCD68350009F83D /* slime_input.c */,
				EFD6A4421DCD68350009F83D /* slime_input.h */,
				EFC674101DCD501F006DF09C /* slime_views.c */,
				EFC674111DCD501F006DF09C /* slime_views.h */,
				EFD6A4441DCE5FA70009F83D /* slime_window.c */,
				EFD6A4451DCE5FA70009F83D /* slime_window.h */,
			);
			path = slime;
			sourceTree = "<group>";
		};
		EFC674131DCD5208006DF09C /* Frameworks */ = {
			isa = PBXGroup;
			children = (
				EFC674161DCD521F006DF09C /* SDL2.framework */,
				EFC674141DCD521F006DF09C /* SDL2_image.framework */,
				EFC674151DCD521F006DF09C /* SDL2_mixer.framework */,
			);
			name = Frameworks;
			sourceTree = "<group>";
		};
/* End PBXGroup section */

/* Begin PBXNativeTarget section */
		EF7CA7891DC16A1C0053440E /* slime */ = {
			isa = PBXNativeTarget;
			buildConfigurationList = EF7CA79B1DC16A1C0053440E /* Build configuration list for PBXNativeTarget "slime" */;
			buildPhases = (
				EF7CA7861DC16A1C0053440E /* Sources */,
				EF7CA7871DC16A1C0053440E /* Frameworks */,
				EF7CA7881DC16A1C0053440E /* Resources */,
			);
			buildRules = (
			);
			dependencies = (
			);
			name = slime;
			productName = slime;
			productReference = EF7CA78A1DC16A1C0053440E /* slime.app */;
			productType = "com.apple.product-type.application";
		};
/* End PBXNativeTarget section */

/* Begin PBXProject section */
		EF7CA7821DC16A1C0053440E /* Project object */ = {
			isa = PBXProject;
			attributes = {
				LastUpgradeCheck = 0810;
				ORGANIZATIONNAME = bokny;
				TargetAttributes = {
					EF7CA7891DC16A1C0053440E = {
						CreatedOnToolsVersion = 8.0;
						ProvisioningStyle = Automatic;
					};
				};
			};
			buildConfigurationList = EF7CA7851DC16A1C0053440E /* Build configuration list for PBXProject "slime" */;
			compatibilityVersion = "Xcode 3.2";
			developmentRegion = English;
			hasScannedForEncodings = 0;
			knownRegions = (
				en,
				Base,
			);
			mainGroup = EF7CA7811DC16A1C0053440E;
			productRefGroup = EF7CA78B1DC16A1C0053440E /* Products */;
			projectDirPath = "";
			projectRoot = "";
			targets = (
				EF7CA7891DC16A1C0053440E /* slime */,
			);
		};
/* End PBXProject section */

/* Begin PBXResourcesBuildPhase section */
		EF7CA7881DC16A1C0053440E /* Resources */ = {
			isa = PBXResourcesBuildPhase;
			buildActionMask = 2147483647;
			files = (
			);
			runOnlyForDeploymentPostprocessing = 0;
		};
/* End PBXResourcesBuildPhase section */

/* Begin PBXSourcesBuildPhase section */
		EF7CA7861DC16A1C0053440E /* Sources */ = {
			isa = PBXSourcesBuildPhase;
			buildActionMask = 2147483647;
			files = (
				EFD6A4461DCE5FA70009F83D /* slime_window.c in Sources */,
				EFD6A4401DCD64E10009F83D /* slime_adt.c in Sources */,
				EFC6740F1DCD4875006DF09C /* slime.c in Sources */,
				EFC6740C1DCD4839006DF09C /* main.c in Sources */,
				EFD6A43D1DCD640B0009F83D /* slime_gfx.c in Sources */,
				EFC674121DCD501F006DF09C /* slime_views.c in Sources */,
				EFD6A4431DCD68350009F83D /* slime_input.c in Sources */,
			);
			runOnlyForDeploymentPostprocessing = 0;
		};
/* End PBXSourcesBuildPhase section */

/* Begin XCBuildConfiguration section */
		EF7CA7991DC16A1C0053440E /* Debug */ = {
			isa = XCBuildConfiguration;
			buildSettings = {
				ALWAYS_SEARCH_USER_PATHS = NO;
				CLANG_ANALYZER_NONNULL = YES;
				CLANG_CXX_LANGUAGE_STANDARD = "gnu++0x";
				CLANG_CXX_LIBRARY = "libc++";
				CLANG_ENABLE_MODULES = YES;
				CLANG_ENABLE_OBJC_ARC = YES;
				CLANG_WARN_BOOL_CONVERSION = YES;
				CLANG_WARN_CONSTANT_CONVERSION = YES;
				CLANG_WARN_DIRECT_OBJC_ISA_USAGE = YES_ERROR;
				CLANG_WARN_DOCUMENTATION_COMMENTS = YES;
				CLANG_WARN_EMPTY_BODY = YES;
				CLANG_WARN_ENUM_CONVERSION = YES;
				CLANG_WARN_INFINITE_RECURSION = YES;
				CLANG_WARN_INT_CONVERSION = YES;
				CLANG_WARN_OBJC_ROOT_CLASS = YES_ERROR;
				CLANG_WARN_SUSPICIOUS_MOVE = YES;
				CLANG_WARN_SUSPICIOUS_MOVES = YES;
				CLANG_WARN_UNREACHABLE_CODE = YES;
				CLANG_WARN__DUPLICATE_METHOD_MATCH = YES;
				CODE_SIGN_IDENTITY = "-";
				COPY_PHASE_STRIP = NO;
				DEBUG_INFORMATION_FORMAT = dwarf;
				ENABLE_STRICT_OBJC_MSGSEND = YES;
				ENABLE_TESTABILITY = YES;
				GCC_C_LANGUAGE_STANDARD = gnu99;
				GCC_DYNAMIC_NO_PIC = NO;
				GCC_NO_COMMON_BLOCKS = YES;
				GCC_OPTIMIZATION_LEVEL = 0;
				GCC_PREPROCESSOR_DEFINITIONS = (
					"DEBUG=1",
					"$(inherited)",
				);
				GCC_WARN_64_TO_32_BIT_CONVERSION = YES;
				GCC_WARN_ABOUT_RETURN_TYPE = YES_ERROR;
				GCC_WARN_UNDECLARED_SELECTOR = YES;
				GCC_WARN_UNINITIALIZED_AUTOS = YES_AGGRESSIVE;
				GCC_WARN_UNUSED_FUNCTION = YES;
				GCC_WARN_UNUSED_VARIABLE = YES;
				MACOSX_DEPLOYMENT_TARGET = 10.12;
				MTL_ENABLE_DEBUG_INFO = YES;
				ONLY_ACTIVE_ARCH = YES;
				SDKROOT = macosx;
			};
			name = Debug;
		};
		EF7CA79A1DC16A1C0053440E /* Release */ = {
			isa = XCBuildConfiguration;
			buildSettings = {
				ALWAYS_SEARCH_USER_PATHS = NO;
				CLANG_ANALYZER_NONNULL = YES;
				CLANG_CXX_LANGUAGE_STANDARD = "gnu++0x";
				CLANG_CXX_LIBRARY = "libc++";
				CLANG_ENABLE_MODULES = YES;
				CLANG_ENABLE_OBJC_ARC = YES;
				CLANG_WARN_BOOL_CONVERSION = YES;
				CLANG_WARN_CONSTANT_CONVERSION = YES;
				CLANG_WARN_DIRECT_OBJC_ISA_USAGE = YES_ERROR;
				CLANG_WARN_DOCUMENTATION_COMMENTS = YES;
				CLANG_WARN_EMPTY_BODY = YES;
				CLANG_WARN_ENUM_CONVERSION = YES;
				CLANG_WARN_INFINITE_RECURSION = YES;
				CLANG_WARN_INT_CONVERSION = YES;
				CLANG_WARN_OBJC_ROOT_CLASS = YES_ERROR;
				CLANG_WARN_SUSPICIOUS_MOVE = YES;
				CLANG_WARN_SUSPICIOUS_MOVES = YES;
				CLANG_WARN_UNREACHABLE_CODE = YES;
				CLANG_WARN__DUPLICATE_METHOD_MATCH = YES;
				CODE_SIGN_IDENTITY = "-";
				COPY_PHASE_STRIP = NO;
				DEBUG_INFORMATION_FORMAT = "dwarf-with-dsym";
				ENABLE_NS_ASSERTIONS = NO;
				ENABLE_STRICT_OBJC_MSGSEND = YES;
				GCC_C_LANGUAGE_STANDARD = gnu99;
				GCC_NO_COMMON_BLOCKS = YES;
				GCC_WARN_64_TO_32_BIT_CONVERSION = YES;
				GCC_WARN_ABOUT_RETURN_TYPE = YES_ERROR;
				GCC_WARN_UNDECLARED_SELECTOR = YES;
				GCC_WARN_UNINITIALIZED_AUTOS = YES_AGGRESSIVE;
				GCC_WARN_UNUSED_FUNCTION = YES;
				GCC_WARN_UNUSED_VARIABLE = YES;
				MACOSX_DEPLOYMENT_TARGET = 10.12;
				MTL_ENABLE_DEBUG_INFO = NO;
				SDKROOT = macosx;
			};
			name = Release;
		};
		EF7CA79C1DC16A1C0053440E /* Debug */ = {
			isa = XCBuildConfiguration;
			buildSettings = {
				ASSETCATALOG_COMPILER_APPICON_NAME = AppIcon;
				COMBINE_HIDPI_IMAGES = YES;
				FRAMEWORK_SEARCH_PATHS = (
					"$(inherited)",
					"$(LOCAL_LIBRARY_DIR)/Frameworks",
				);
				INFOPLIST_FILE = slime/Info.plist;
				LD_RUNPATH_SEARCH_PATHS = "$(inherited) @executable_path/../Frameworks";
				PRODUCT_BUNDLE_IDENTIFIER = bungo2dungo.slime;
				PRODUCT_NAME = "$(TARGET_NAME)";
			};
			name = Debug;
		};
		EF7CA79D1DC16A1C0053440E /* Release */ = {
			isa = XCBuildConfiguration;
			buildSettings = {
				ASSETCATALOG_COMPILER_APPICON_NAME = AppIcon;
				COMBINE_HIDPI_IMAGES = YES;
				FRAMEWORK_SEARCH_PATHS = (
					"$(inherited)",
					"$(LOCAL_LIBRARY_DIR)/Frameworks",
				);
				INFOPLIST_FILE = slime/Info.plist;
				LD_RUNPATH_SEARCH_PATHS = "$(inherited) @executable_path/../Frameworks";
				PRODUCT_BUNDLE_IDENTIFIER = bungo2dungo.slime;
				PRODUCT_NAME = "$(TARGET_NAME)";
			};
			name = Release;
		};
/* End XCBuildConfiguration section */

/* Begin XCConfigurationList section */
		EF7CA7851DC16A1C0053440E /* Build configuration list for PBXProject "slime" */ = {
			isa = XCConfigurationList;
			buildConfigurations = (
				EF7CA7991DC16A1C0053440E /* Debug */,
				EF7CA79A1DC16A1C0053440E /* Release */,
			);
			defaultConfigurationIsVisible = 0;
			defaultConfigurationName = Release;
		};
		EF7CA79B1DC16A1C0053440E /* Build configuration list for PBXNativeTarget "slime" */ = {
			isa = XCConfigurationList;
			buildConfigurations = (
				EF7CA79C1DC16A1C0053440E /* Debug */,
				EF7CA79D1DC16A1C0053440E /* Release */,
			);
			defaultConfigurationIsVisible = 0;
			defaultConfigurationName = Release;
		};
/* End XCConfigurationList section */
	};
	rootObject = EF7CA7821DC16A1C0053440E /* Project object */;
}
